// !$*UTF8*$!
{
	archiveVersion = 1;
	classes = {
	};
	objectVersion = 46;
	objects = {

/* Begin PBXBuildFile section */
		346EF1A31A6AF19300E52499 /* AppDelegate.swift in Sources */ = {isa = PBXBuildFile; fileRef = 346EF1A21A6AF19300E52499 /* AppDelegate.swift */; };
		346EF1A51A6AF19300E52499 /* ViewController.swift in Sources */ = {isa = PBXBuildFile; fileRef = 346EF1A41A6AF19300E52499 /* ViewController.swift */; };
		346EF1A81A6AF19300E52499 /* Vinyl.xcdatamodeld in Sources */ = {isa = PBXBuildFile; fileRef = 346EF1A61A6AF19300E52499 /* Vinyl.xcdatamodeld */; };
		346EF1AA1A6AF19300E52499 /* Images.xcassets in Resources */ = {isa = PBXBuildFile; fileRef = 346EF1A91A6AF19300E52499 /* Images.xcassets */; };
		346EF1AD1A6AF19300E52499 /* Main.storyboard in Resources */ = {isa = PBXBuildFile; fileRef = 346EF1AB1A6AF19300E52499 /* Main.storyboard */; };
		346EF1B91A6AF19300E52499 /* VinylTests.swift in Sources */ = {isa = PBXBuildFile; fileRef = 346EF1B81A6AF19300E52499 /* VinylTests.swift */; };
		3473B5541AB5267700A982AA /* Next.png in Resources */ = {isa = PBXBuildFile; fileRef = 3473B5521AB5267700A982AA /* Next.png */; };
		3473B5551AB5267700A982AA /* Previous.png in Resources */ = {isa = PBXBuildFile; fileRef = 3473B5531AB5267700A982AA /* Previous.png */; };
		349A78201A6E295F00EF7A73 /* Song.swift in Sources */ = {isa = PBXBuildFile; fileRef = 349A781F1A6E295F00EF7A73 /* Song.swift */; };
		34BC43181AA8122A00EE7104 /* songsList.txt in Resources */ = {isa = PBXBuildFile; fileRef = 34BC43171AA8122A00EE7104 /* songsList.txt */; };
		34BC431A1AB0046200EE7104 /* MyNSToolbar.swift in Sources */ = {isa = PBXBuildFile; fileRef = 34BC43191AB0046200EE7104 /* MyNSToolbar.swift */; };
		34BC432E1AB3C1D600EE7104 /* Play.png in Resources */ = {isa = PBXBuildFile; fileRef = 34BC432D1AB3C1D600EE7104 /* Play.png */; };
		34BC43301AB3C29800EE7104 /* Pause.png in Resources */ = {isa = PBXBuildFile; fileRef = 34BC432F1AB3C29800EE7104 /* Pause.png */; };
		34BC43341AB3C66E00EE7104 /* Seek-Forward.png in Resources */ = {isa = PBXBuildFile; fileRef = 34BC43331AB3C66E00EE7104 /* Seek-Forward.png */; };
		34BC43361AB3C7D200EE7104 /* Seek-Backward.png in Resources */ = {isa = PBXBuildFile; fileRef = 34BC43351AB3C7D200EE7104 /* Seek-Backward.png */; };
/* End PBXBuildFile section */

/* Begin PBXContainerItemProxy section */
		346EF1B31A6AF19300E52499 /* PBXContainerItemProxy */ = {
			isa = PBXContainerItemProxy;
			containerPortal = 346EF1951A6AF19300E52499 /* Project object */;
			proxyType = 1;
			remoteGlobalIDString = 346EF19C1A6AF19300E52499;
			remoteInfo = Vinyl;
		};
/* End PBXContainerItemProxy section */

/* Begin PBXFileReference section */
		346EF19D1A6AF19300E52499 /* Vinyl.app */ = {isa = PBXFileReference; explicitFileType = wrapper.application; includeInIndex = 0; path = Vinyl.app; sourceTree = BUILT_PRODUCTS_DIR; };
		346EF1A11A6AF19300E52499 /* Info.plist */ = {isa = PBXFileReference; lastKnownFileType = text.plist.xml; path = Info.plist; sourceTree = "<group>"; };
		346EF1A21A6AF19300E52499 /* AppDelegate.swift */ = {isa = PBXFileReference; lastKnownFileType = sourcecode.swift; path = AppDelegate.swift; sourceTree = "<group>"; };
		346EF1A41A6AF19300E52499 /* ViewController.swift */ = {isa = PBXFileReference; lastKnownFileType = sourcecode.swift; path = ViewController.swift; sourceTree = "<group>"; };
		346EF1A71A6AF19300E52499 /* Vinyl.xcdatamodel */ = {isa = PBXFileReference; lastKnownFileType = wrapper.xcdatamodel; path = Vinyl.xcdatamodel; sourceTree = "<group>"; };
		346EF1A91A6AF19300E52499 /* Images.xcassets */ = {isa = PBXFileReference; lastKnownFileType = folder.assetcatalog; path = Images.xcassets; sourceTree = "<group>"; };
		346EF1AC1A6AF19300E52499 /* Base */ = {isa = PBXFileReference; lastKnownFileType = file.storyboard; name = Base; path = Base.lproj/Main.storyboard; sourceTree = "<group>"; };
		346EF1B21A6AF19300E52499 /* VinylTests.xctest */ = {isa = PBXFileReference; explicitFileType = wrapper.cfbundle; includeInIndex = 0; path = VinylTests.xctest; sourceTree = BUILT_PRODUCTS_DIR; };
		346EF1B71A6AF19300E52499 /* Info.plist */ = {isa = PBXFileReference; lastKnownFileType = text.plist.xml; path = Info.plist; sourceTree = "<group>"; };
		346EF1B81A6AF19300E52499 /* VinylTests.swift */ = {isa = PBXFileReference; lastKnownFileType = sourcecode.swift; path = VinylTests.swift; sourceTree = "<group>"; };
		3473B5521AB5267700A982AA /* Next.png */ = {isa = PBXFileReference; lastKnownFileType = image.png; path = Next.png; sourceTree = "<group>"; };
		3473B5531AB5267700A982AA /* Previous.png */ = {isa = PBXFileReference; lastKnownFileType = image.png; path = Previous.png; sourceTree = "<group>"; };
		349A781F1A6E295F00EF7A73 /* Song.swift */ = {isa = PBXFileReference; fileEncoding = 4; lastKnownFileType = sourcecode.swift; path = Song.swift; sourceTree = "<group>"; };
		34BC43171AA8122A00EE7104 /* songsList.txt */ = {isa = PBXFileReference; fileEncoding = 4; lastKnownFileType = text; path = songsList.txt; sourceTree = "<group>"; };
		34BC43191AB0046200EE7104 /* MyNSToolbar.swift */ = {isa = PBXFileReference; fileEncoding = 4; lastKnownFileType = sourcecode.swift; path = MyNSToolbar.swift; sourceTree = "<group>"; };
		34BC432D1AB3C1D600EE7104 /* Play.png */ = {isa = PBXFileReference; lastKnownFileType = image.png; path = Play.png; sourceTree = "<group>"; };
		34BC432F1AB3C29800EE7104 /* Pause.png */ = {isa = PBXFileReference; lastKnownFileType = image.png; path = Pause.png; sourceTree = "<group>"; };
		34BC43331AB3C66E00EE7104 /* Seek-Forward.png */ = {isa = PBXFileReference; lastKnownFileType = image.png; path = "Seek-Forward.png"; sourceTree = "<group>"; };
		34BC43351AB3C7D200EE7104 /* Seek-Backward.png */ = {isa = PBXFileReference; lastKnownFileType = image.png; path = "Seek-Backward.png"; sourceTree = "<group>"; };
/* End PBXFileReference section */

/* Begin PBXFrameworksBuildPhase section */
		346EF19A1A6AF19300E52499 /* Frameworks */ = {
			isa = PBXFrameworksBuildPhase;
			buildActionMask = 2147483647;
			files = (
			);
			runOnlyForDeploymentPostprocessing = 0;
		};
		346EF1AF1A6AF19300E52499 /* Frameworks */ = {
			isa = PBXFrameworksBuildPhase;
			buildActionMask = 2147483647;
			files = (
			);
			runOnlyForDeploymentPostprocessing = 0;
		};
/* End PBXFrameworksBuildPhase section */

/* Begin PBXGroup section */
		346EF1941A6AF19300E52499 = {
			isa = PBXGroup;
			children = (
				346EF19F1A6AF19300E52499 /* Vinyl */,
				346EF1B51A6AF19300E52499 /* VinylTests */,
				346EF19E1A6AF19300E52499 /* Products */,
			);
			sourceTree = "<group>";
		};
		346EF19E1A6AF19300E52499 /* Products */ = {
			isa = PBXGroup;
			children = (
				346EF19D1A6AF19300E52499 /* Vinyl.app */,
				346EF1B21A6AF19300E52499 /* VinylTests.xctest */,
			);
			name = Products;
			sourceTree = "<group>";
		};
		346EF19F1A6AF19300E52499 /* Vinyl */ = {
			isa = PBXGroup;
			children = (
				346EF1A21A6AF19300E52499 /* AppDelegate.swift */,
				346EF1A41A6AF19300E52499 /* ViewController.swift */,
				34BC43191AB0046200EE7104 /* MyNSToolbar.swift */,
				349A781F1A6E295F00EF7A73 /* Song.swift */,
				346EF1A91A6AF19300E52499 /* Images.xcassets */,
				346EF1AB1A6AF19300E52499 /* Main.storyboard */,
				346EF1A61A6AF19300E52499 /* Vinyl.xcdatamodeld */,
				346EF1C71A6AF83200E52499 /* Resources */,
				346EF1A01A6AF19300E52499 /* Supporting Files */,
			);
			path = Vinyl;
			sourceTree = "<group>";
		};
		346EF1A01A6AF19300E52499 /* Supporting Files */ = {
			isa = PBXGroup;
			children = (
				346EF1A11A6AF19300E52499 /* Info.plist */,
			);
			name = "Supporting Files";
			sourceTree = "<group>";
		};
		346EF1B51A6AF19300E52499 /* VinylTests */ = {
			isa = PBXGroup;
			children = (
				346EF1B81A6AF19300E52499 /* VinylTests.swift */,
				346EF1B61A6AF19300E52499 /* Supporting Files */,
			);
			path = VinylTests;
			sourceTree = "<group>";
		};
		346EF1B61A6AF19300E52499 /* Supporting Files */ = {
			isa = PBXGroup;
			children = (
				346EF1B71A6AF19300E52499 /* Info.plist */,
			);
			name = "Supporting Files";
			sourceTree = "<group>";
		};
		346EF1C71A6AF83200E52499 /* Resources */ = {
			isa = PBXGroup;
			children = (
				3473B5531AB5267700A982AA /* Previous.png */,
				34BC43351AB3C7D200EE7104 /* Seek-Backward.png */,
				34BC432D1AB3C1D600EE7104 /* Play.png */,
				34BC432F1AB3C29800EE7104 /* Pause.png */,
				34BC43331AB3C66E00EE7104 /* Seek-Forward.png */,
				3473B5521AB5267700A982AA /* Next.png */,
				34BC43171AA8122A00EE7104 /* songsList.txt */,
			);
			path = Resources;
			sourceTree = "<group>";
		};
/* End PBXGroup section */

/* Begin PBXNativeTarget section */
		346EF19C1A6AF19300E52499 /* Vinyl */ = {
			isa = PBXNativeTarget;
			buildConfigurationList = 346EF1BC1A6AF19300E52499 /* Build configuration list for PBXNativeTarget "Vinyl" */;
			buildPhases = (
				346EF1991A6AF19300E52499 /* Sources */,
				346EF19A1A6AF19300E52499 /* Frameworks */,
				346EF19B1A6AF19300E52499 /* Resources */,
			);
			buildRules = (
			);
			dependencies = (
			);
			name = Vinyl;
			productName = Vinyl;
			productReference = 346EF19D1A6AF19300E52499 /* Vinyl.app */;
			productType = "com.apple.product-type.application";
		};
		346EF1B11A6AF19300E52499 /* VinylTests */ = {
			isa = PBXNativeTarget;
			buildConfigurationList = 346EF1BF1A6AF19300E52499 /* Build configuration list for PBXNativeTarget "VinylTests" */;
			buildPhases = (
				346EF1AE1A6AF19300E52499 /* Sources */,
				346EF1AF1A6AF19300E52499 /* Frameworks */,
				346EF1B01A6AF19300E52499 /* Resources */,
			);
			buildRules = (
			);
			dependencies = (
				346EF1B41A6AF19300E52499 /* PBXTargetDependency */,
			);
			name = VinylTests;
			productName = VinylTests;
			productReference = 346EF1B21A6AF19300E52499 /* VinylTests.xctest */;
			productType = "com.apple.product-type.bundle.unit-test";
		};
/* End PBXNativeTarget section */

/* Begin PBXProject section */
		346EF1951A6AF19300E52499 /* Project object */ = {
			isa = PBXProject;
			attributes = {
				LastUpgradeCheck = 0610;
				ORGANIZATIONNAME = "Matthew Cibulka";
				TargetAttributes = {
					346EF19C1A6AF19300E52499 = {
						CreatedOnToolsVersion = 6.1.1;
					};
					346EF1B11A6AF19300E52499 = {
						CreatedOnToolsVersion = 6.1.1;
						TestTargetID = 346EF19C1A6AF19300E52499;
					};
				};
			};
			buildConfigurationList = 346EF1981A6AF19300E52499 /* Build configuration list for PBXProject "Vinyl" */;
			compatibilityVersion = "Xcode 3.2";
			developmentRegion = English;
			hasScannedForEncodings = 0;
			knownRegions = (
				en,
				Base,
			);
			mainGroup = 346EF1941A6AF19300E52499;
			productRefGroup = 346EF19E1A6AF19300E52499 /* Products */;
			projectDirPath = "";
			projectRoot = "";
			targets = (
				346EF19C1A6AF19300E52499 /* Vinyl */,
				346EF1B11A6AF19300E52499 /* VinylTests */,
			);
		};
/* End PBXProject section */

/* Begin PBXResourcesBuildPhase section */
		346EF19B1A6AF19300E52499 /* Resources */ = {
			isa = PBXResourcesBuildPhase;
			buildActionMask = 2147483647;
			files = (
				34BC43341AB3C66E00EE7104 /* Seek-Forward.png in Resources */,
				34BC43301AB3C29800EE7104 /* Pause.png in Resources */,
				3473B5541AB5267700A982AA /* Next.png in Resources */,
				346EF1AA1A6AF19300E52499 /* Images.xcassets in Resources */,
				3473B5551AB5267700A982AA /* Previous.png in Resources */,
				346EF1AD1A6AF19300E52499 /* Main.storyboard in Resources */,
				34BC43361AB3C7D200EE7104 /* Seek-Backward.png in Resources */,
				34BC432E1AB3C1D600EE7104 /* Play.png in Resources */,
				34BC43181AA8122A00EE7104 /* songsList.txt in Resources */,
			);
			runOnlyForDeploymentPostprocessing = 0;
		};
		346EF1B01A6AF19300E52499 /* Resources */ = {
			isa = PBXResourcesBuildPhase;
			buildActionMask = 2147483647;
			files = (
			);
			runOnlyForDeploymentPostprocessing = 0;
		};
/* End PBXResourcesBuildPhase section */

/* Begin PBXSourcesBuildPhase section */
		346EF1991A6AF19300E52499 /* Sources */ = {
			isa = PBXSourcesBuildPhase;
			buildActionMask = 2147483647;
			files = (
				349A78201A6E295F00EF7A73 /* Song.swift in Sources */,
				34BC431A1AB0046200EE7104 /* MyNSToolbar.swift in Sources */,
				346EF1A81A6AF19300E52499 /* Vinyl.xcdatamodeld in Sources */,
				346EF1A51A6AF19300E52499 /* ViewController.swift in Sources */,
				346EF1A31A6AF19300E52499 /* AppDelegate.swift in Sources */,
			);
			runOnlyForDeploymentPostprocessing = 0;
		};
		346EF1AE1A6AF19300E52499 /* Sources */ = {
			isa = PBXSourcesBuildPhase;
			buildActionMask = 2147483647;
			files = (
				346EF1B91A6AF19300E52499 /* VinylTests.swift in Sources */,
			);
			runOnlyForDeploymentPostprocessing = 0;
		};
/* End PBXSourcesBuildPhase section */

/* Begin PBXTargetDependency section */
		346EF1B41A6AF19300E52499 /* PBXTargetDependency */ = {
			isa = PBXTargetDependency;
			target = 346EF19C1A6AF19300E52499 /* Vinyl */;
			targetProxy = 346EF1B31A6AF19300E52499 /* PBXContainerItemProxy */;
		};
/* End PBXTargetDependency section */

/* Begin PBXVariantGroup section */
		346EF1AB1A6AF19300E52499 /* Main.storyboard */ = {
			isa = PBXVariantGroup;
			children = (
				346EF1AC1A6AF19300E52499 /* Base */,
			);
			name = Main.storyboard;
			sourceTree = "<group>";
		};
/* End PBXVariantGroup section */

/* Begin XCBuildConfiguration section */
		346EF1BA1A6AF19300E52499 /* Debug */ = {
			isa = XCBuildConfiguration;
			buildSettings = {
				ALWAYS_SEARCH_USER_PATHS = NO;
				CLANG_CXX_LANGUAGE_STANDARD = "gnu++0x";
				CLANG_CXX_LIBRARY = "libc++";
				CLANG_ENABLE_MODULES = YES;
				CLANG_ENABLE_OBJC_ARC = YES;
				CLANG_WARN_BOOL_CONVERSION = YES;
				CLANG_WARN_CONSTANT_CONVERSION = YES;
				CLANG_WARN_DIRECT_OBJC_ISA_USAGE = YES_ERROR;
				CLANG_WARN_EMPTY_BODY = YES;
				CLANG_WARN_ENUM_CONVERSION = YES;
				CLANG_WARN_INT_CONVERSION = YES;
				CLANG_WARN_OBJC_ROOT_CLASS = YES_ERROR;
				CLANG_WARN_UNREACHABLE_CODE = YES;
				CLANG_WARN__DUPLICATE_METHOD_MATCH = YES;
				CODE_SIGN_IDENTITY = "-";
				COPY_PHASE_STRIP = NO;
				ENABLE_STRICT_OBJC_MSGSEND = YES;
				GCC_C_LANGUAGE_STANDARD = gnu99;
				GCC_DYNAMIC_NO_PIC = NO;
				GCC_OPTIMIZATION_LEVEL = 0;
				GCC_PREPROCESSOR_DEFINITIONS = (
					"DEBUG=1",
					"$(inherited)",
				);
				GCC_SYMBOLS_PRIVATE_EXTERN = NO;
				GCC_WARN_64_TO_32_BIT_CONVERSION = YES;
				GCC_WARN_ABOUT_RETURN_TYPE = YES_ERROR;
				GCC_WARN_UNDECLARED_SELECTOR = YES;
				GCC_WARN_UNINITIALIZED_AUTOS = YES_AGGRESSIVE;
				GCC_WARN_UNUSED_FUNCTION = YES;
				GCC_WARN_UNUSED_VARIABLE = YES;
				MACOSX_DEPLOYMENT_TARGET = 10.10;
				MTL_ENABLE_DEBUG_INFO = YES;
				ONLY_ACTIVE_ARCH = YES;
				SDKROOT = macosx;
				SWIFT_OPTIMIZATION_LEVEL = "-Onone";
			};
			name = Debug;
		};
		346EF1BB1A6AF19300E52499 /* Release */ = {
			isa = XCBuildConfiguration;
			buildSettings = {
				ALWAYS_SEARCH_USER_PATHS = NO;
				CLANG_CXX_LANGUAGE_STANDARD = "gnu++0x";
				CLANG_CXX_LIBRARY = "libc++";
				CLANG_ENABLE_MODULES = YES;
				CLANG_ENABLE_OBJC_ARC = YES;
				CLANG_WARN_BOOL_CONVERSION = YES;
				CLANG_WARN_CONSTANT_CONVERSION = YES;
				CLANG_WARN_DIRECT_OBJC_ISA_USAGE = YES_ERROR;
				CLANG_WARN_EMPTY_BODY = YES;
				CLANG_WARN_ENUM_CONVERSION = YES;
				CLANG_WARN_INT_CONVERSION = YES;
				CLANG_WARN_OBJC_ROOT_CLASS = YES_ERROR;
				CLANG_WARN_UNREACHABLE_CODE = YES;
				CLANG_WARN__DUPLICATE_METHOD_MATCH = YES;
				CODE_SIGN_IDENTITY = "-";
				COPY_PHASE_STRIP = YES;
				DEBUG_INFORMATION_FORMAT = "dwarf-with-dsym";
				ENABLE_NS_ASSERTIONS = NO;
				ENABLE_STRICT_OBJC_MSGSEND = YES;
				GCC_C_LANGUAGE_STANDARD = gnu99;
				GCC_WARN_64_TO_32_BIT_CONVERSION = YES;
				GCC_WARN_ABOUT_RETURN_TYPE = YES_ERROR;
				GCC_WARN_UNDECLARED_SELECTOR = YES;
				GCC_WARN_UNINITIALIZED_AUTOS = YES_AGGRESSIVE;
				GCC_WARN_UNUSED_FUNCTION = YES;
				GCC_WARN_UNUSED_VARIABLE = YES;
				MACOSX_DEPLOYMENT_TARGET = 10.10;
				MTL_ENABLE_DEBUG_INFO = NO;
				SDKROOT = macosx;
			};
			name = Release;
		};
		346EF1BD1A6AF19300E52499 /* Debug */ = {
			isa = XCBuildConfiguration;
			buildSettings = {
				ASSETCATALOG_COMPILER_APPICON_NAME = AppIcon;
				COMBINE_HIDPI_IMAGES = YES;
				INFOPLIST_FILE = Vinyl/Info.plist;
				LD_RUNPATH_SEARCH_PATHS = "$(inherited) @executable_path/../Frameworks";
				MACOSX_DEPLOYMENT_TARGET = 10.9;
				PRODUCT_NAME = "$(TARGET_NAME)";
			};
			name = Debug;
		};
		346EF1BE1A6AF19300E52499 /* Release */ = {
			isa = XCBuildConfiguration;
			buildSettings = {
				ASSETCATALOG_COMPILER_APPICON_NAME = AppIcon;
				COMBINE_HIDPI_IMAGES = YES;
				INFOPLIST_FILE = Vinyl/Info.plist;
				LD_RUNPATH_SEARCH_PATHS = "$(inherited) @executable_path/../Frameworks";
				MACOSX_DEPLOYMENT_TARGET = 10.9;
				PRODUCT_NAME = "$(TARGET_NAME)";
			};
			name = Release;
		};
		346EF1C01A6AF19300E52499 /* Debug */ = {
			isa = XCBuildConfiguration;
			buildSettings = {
				BUNDLE_LOADER = "$(TEST_HOST)";
				COMBINE_HIDPI_IMAGES = YES;
				FRAMEWORK_SEARCH_PATHS = (
					"$(DEVELOPER_FRAMEWORKS_DIR)",
					"$(inherited)",
				);
				GCC_PREPROCESSOR_DEFINITIONS = (
					"DEBUG=1",
					"$(inherited)",
				);
				INFOPLIST_FILE = VinylTests/Info.plist;
				LD_RUNPATH_SEARCH_PATHS = "$(inherited) @executable_path/../Frameworks @loader_path/../Frameworks";
				PRODUCT_NAME = "$(TARGET_NAME)";
				TEST_HOST = "$(BUILT_PRODUCTS_DIR)/Vinyl.app/Contents/MacOS/Vinyl";
			};
			name = Debug;
		};
		346EF1C11A6AF19300E52499 /* Release */ = {
			isa = XCBuildConfiguration;
			buildSettings = {
				BUNDLE_LOADER = "$(TEST_HOST)";
				COMBINE_HIDPI_IMAGES = YES;
				FRAMEWORK_SEARCH_PATHS = (
					"$(DEVELOPER_FRAMEWORKS_DIR)",
					"$(inherited)",
				);
				INFOPLIST_FILE = VinylTests/Info.plist;
				LD_RUNPATH_SEARCH_PATHS = "$(inherited) @executable_path/../Frameworks @loader_path/../Frameworks";
				PRODUCT_NAME = "$(TARGET_NAME)";
				TEST_HOST = "$(BUILT_PRODUCTS_DIR)/Vinyl.app/Contents/MacOS/Vinyl";
			};
			name = Release;
		};
/* End XCBuildConfiguration section */

/* Begin XCConfigurationList section */
		346EF1981A6AF19300E52499 /* Build configuration list for PBXProject "Vinyl" */ = {
			isa = XCConfigurationList;
			buildConfigurations = (
				346EF1BA1A6AF19300E52499 /* Debug */,
				346EF1BB1A6AF19300E52499 /* Release */,
			);
			defaultConfigurationIsVisible = 0;
			defaultConfigurationName = Release;
		};
		346EF1BC1A6AF19300E52499 /* Build configuration list for PBXNativeTarget "Vinyl" */ = {
			isa = XCConfigurationList;
			buildConfigurations = (
				346EF1BD1A6AF19300E52499 /* Debug */,
				346EF1BE1A6AF19300E52499 /* Release */,
			);
			defaultConfigurationIsVisible = 0;
			defaultConfigurationName = Release;
		};
		346EF1BF1A6AF19300E52499 /* Build configuration list for PBXNativeTarget "VinylTests" */ = {
			isa = XCConfigurationList;
			buildConfigurations = (
				346EF1C01A6AF19300E52499 /* Debug */,
				346EF1C11A6AF19300E52499 /* Release */,
			);
			defaultConfigurationIsVisible = 0;
			defaultConfigurationName = Release;
		};
/* End XCConfigurationList section */

/* Begin XCVersionGroup section */
		346EF1A61A6AF19300E52499 /* Vinyl.xcdatamodeld */ = {
			isa = XCVersionGroup;
			children = (
				346EF1A71A6AF19300E52499 /* Vinyl.xcdatamodel */,
			);
			currentVersion = 346EF1A71A6AF19300E52499 /* Vinyl.xcdatamodel */;
			path = Vinyl.xcdatamodeld;
			sourceTree = "<group>";
			versionGroupType = wrapper.xcdatamodel;
		};
/* End XCVersionGroup section */
	};
	rootObject = 346EF1951A6AF19300E52499 /* Project object */;
}
